
Microsoft Visual Studio Solution File, Format Version 12.00
# Visual Studio Version 17
VisualStudioVersion = 17.8.34316.72
MinimumVisualStudioVersion = 10.0.40219.1
Project("{FAE04EC0-301F-11D3-BF4B-00C04F79EFBC}") = "ProyectoINE", "ProyectoINE\ProyectoINE.csproj", "{64B8D908-27D2-4678-AD80-4AA8B65DB5E5}"
EndProject
Global
	GlobalSection(SolutionConfigurationPlatforms) = preSolution
		Debug|Any CPU = Debug|Any CPU
		Release|Any CPU = Release|Any CPU
	EndGlobalSection
	GlobalSection(ProjectConfigurationPlatforms) = postSolution
		{64B8D908-27D2-4678-AD80-4AA8B65DB5E5}.Debug|Any CPU.ActiveCfg = Debug|Any CPU
		{64B8D908-27D2-4678-AD80-4AA8B65DB5E5}.Debug|Any CPU.Build.0 = Debug|Any CPU
		{64B8D908-27D2-4678-AD80-4AA8B65DB5E5}.Release|Any CPU.ActiveCfg = Release|Any CPU
		{64B8D908-27D2-4678-AD80-4AA8B65DB5E5}.Release|Any CPU.Build.0 = Release|Any CPU
	EndGlobalSection
	GlobalSection(SolutionProperties) = preSolution
		HideSolutionNode = FALSE
	EndGlobalSection
	GlobalSection(ExtensibilityGlobals) = postSolution
		SolutionGuid = {59738128-CAC8-4D8F-AA08-C1030C1912FF}
	EndGlobalSection
EndGlobal
